
Microsoft Visual Studio Solution File, Format Version 12.00
# Visual Studio 14
VisualStudioVersion = 14.0.23107.0
MinimumVisualStudioVersion = 10.0.40219.1
Project("{FAE04EC0-301F-11D3-BF4B-00C04F79EFBC}") = "KoreanRomanisation", "KoreanRomanisation.csproj", "{819DBD2A-8ED3-4941-8D39-AA09BB7FECBC}"
EndProject
Project("{FAE04EC0-301F-11D3-BF4B-00C04F79EFBC}") = "KoreanRomanisation.TerminalApplication", "..\KoreanRomanisation.TerminalApplication\KoreanRomanisation.TerminalApplication.csproj", "{452022BF-2FA7-4EED-AD3D-91907C252095}"
EndProject
Project("{FAE04EC0-301F-11D3-BF4B-00C04F79EFBC}") = "KoreanRomanisation.Tests", "..\KoreanRomanisation.Tests\KoreanRomanisation.Tests.csproj", "{84E1EBA2-B88C-415F-AD89-403D09C52FF7}"
EndProject
Global
	GlobalSection(SolutionConfigurationPlatforms) = preSolution
		Debug|Any CPU = Debug|Any CPU
		Release|Any CPU = Release|Any CPU
	EndGlobalSection
	GlobalSection(ProjectConfigurationPlatforms) = postSolution
		{819DBD2A-8ED3-4941-8D39-AA09BB7FECBC}.Debug|Any CPU.ActiveCfg = Debug|Any CPU
		{819DBD2A-8ED3-4941-8D39-AA09BB7FECBC}.Debug|Any CPU.Build.0 = Debug|Any CPU
		{819DBD2A-8ED3-4941-8D39-AA09BB7FECBC}.Release|Any CPU.ActiveCfg = Release|Any CPU
		{819DBD2A-8ED3-4941-8D39-AA09BB7FECBC}.Release|Any CPU.Build.0 = Release|Any CPU
		{452022BF-2FA7-4EED-AD3D-91907C252095}.Debug|Any CPU.ActiveCfg = Debug|Any CPU
		{452022BF-2FA7-4EED-AD3D-91907C252095}.Debug|Any CPU.Build.0 = Debug|Any CPU
		{452022BF-2FA7-4EED-AD3D-91907C252095}.Release|Any CPU.ActiveCfg = Release|Any CPU
		{452022BF-2FA7-4EED-AD3D-91907C252095}.Release|Any CPU.Build.0 = Release|Any CPU
		{84E1EBA2-B88C-415F-AD89-403D09C52FF7}.Debug|Any CPU.ActiveCfg = Debug|Any CPU
		{84E1EBA2-B88C-415F-AD89-403D09C52FF7}.Debug|Any CPU.Build.0 = Debug|Any CPU
		{84E1EBA2-B88C-415F-AD89-403D09C52FF7}.Release|Any CPU.ActiveCfg = Release|Any CPU
		{84E1EBA2-B88C-415F-AD89-403D09C52FF7}.Release|Any CPU.Build.0 = Release|Any CPU
	EndGlobalSection
	GlobalSection(SolutionProperties) = preSolution
		HideSolutionNode = FALSE
	EndGlobalSection
EndGlobal
